
Microsoft Visual Studio Solution File, Format Version 12.00
# Visual Studio Version 16
VisualStudioVersion = 16.0.30804.86
MinimumVisualStudioVersion = 10.0.40219.1
Project("{FAE04EC0-301F-11D3-BF4B-00C04F79EFBC}") = "Test4MultiWin", "Test4MultiWin.csproj", "{15E663E8-EF94-42A1-9189-FA604471946B}"
EndProject
Global
	GlobalSection(SolutionConfigurationPlatforms) = preSolution
		Debug|Any CPU = Debug|Any CPU
		Release|Any CPU = Release|Any CPU
	EndGlobalSection
	GlobalSection(ProjectConfigurationPlatforms) = postSolution
		{15E663E8-EF94-42A1-9189-FA604471946B}.Debug|Any CPU.ActiveCfg = Debug|Any CPU
		{15E663E8-EF94-42A1-9189-FA604471946B}.Debug|Any CPU.Build.0 = Debug|Any CPU
		{15E663E8-EF94-42A1-9189-FA604471946B}.Release|Any CPU.ActiveCfg = Release|Any CPU
		{15E663E8-EF94-42A1-9189-FA604471946B}.Release|Any CPU.Build.0 = Release|Any CPU
	EndGlobalSection
	GlobalSection(SolutionProperties) = preSolution
		HideSolutionNode = FALSE
	EndGlobalSection
	GlobalSection(ExtensibilityGlobals) = postSolution
		SolutionGuid = {C4543583-8880-4D1C-BAEF-303C63C6D8B3}
	EndGlobalSection
EndGlobal
